// !$*UTF8*$!
{
	archiveVersion = 1;
	classes = {
	};
	objectVersion = 46;
	objects = {

/* Begin PBXBuildFile section */
		237610AB1C9D358D0065F1C9 /* StringHelper.framework in Frameworks */ = {isa = PBXBuildFile; fileRef = 237610A01C9D35370065F1C9 /* StringHelper.framework */; };
		23F8A7F71C8757DC00B6B562 /* ViewController.m in Sources */ = {isa = PBXBuildFile; fileRef = 23F8A7F61C8757DC00B6B562 /* ViewController.m */; };
		AA1F3D771C836A7D00393903 /* main.m in Sources */ = {isa = PBXBuildFile; fileRef = AA1F3D761C836A7D00393903 /* main.m */; };
		AA1F3D7A1C836A7D00393903 /* AppDelegate.m in Sources */ = {isa = PBXBuildFile; fileRef = AA1F3D791C836A7D00393903 /* AppDelegate.m */; };
		AA1F3D7D1C836A7D00393903 /* ItemsTableViewController.m in Sources */ = {isa = PBXBuildFile; fileRef = AA1F3D7C1C836A7D00393903 /* ItemsTableViewController.m */; };
		AA1F3D801C836A7D00393903 /* Main.storyboard in Resources */ = {isa = PBXBuildFile; fileRef = AA1F3D7E1C836A7D00393903 /* Main.storyboard */; };
		AA1F3D821C836A7D00393903 /* Assets.xcassets in Resources */ = {isa = PBXBuildFile; fileRef = AA1F3D811C836A7D00393903 /* Assets.xcassets */; };
		AA1F3D851C836A7D00393903 /* LaunchScreen.storyboard in Resources */ = {isa = PBXBuildFile; fileRef = AA1F3D831C836A7D00393903 /* LaunchScreen.storyboard */; };
		AA1F3E551C83972400393903 /* Lesson16DataManager.framework in Frameworks */ = {isa = PBXBuildFile; fileRef = AA1F3E4F1C8395B300393903 /* Lesson16DataManager.framework */; };
/* End PBXBuildFile section */

/* Begin PBXContainerItemProxy section */
		2376109F1C9D35370065F1C9 /* PBXContainerItemProxy */ = {
			isa = PBXContainerItemProxy;
			containerPortal = 2376109A1C9D35370065F1C9 /* StringHelper.xcodeproj */;
			proxyType = 2;
			remoteGlobalIDString = 23FB2C351C93672D0007F5B0;
			remoteInfo = StringHelper;
		};
		237610A11C9D35370065F1C9 /* PBXContainerItemProxy */ = {
			isa = PBXContainerItemProxy;
			containerPortal = 2376109A1C9D35370065F1C9 /* StringHelper.xcodeproj */;
			proxyType = 2;
			remoteGlobalIDString = 23FB2C3F1C93672D0007F5B0;
			remoteInfo = StringHelperTests;
		};
		AA1F3E4E1C8395B300393903 /* PBXContainerItemProxy */ = {
			isa = PBXContainerItemProxy;
			containerPortal = AA1F3E491C8395B300393903 /* Lesson16DataManager.xcodeproj */;
			proxyType = 2;
			remoteGlobalIDString = AA1F3DF41C83812800393903;
			remoteInfo = Lesson16DataManager;
		};
		AA1F3E501C8395BE00393903 /* PBXContainerItemProxy */ = {
			isa = PBXContainerItemProxy;
			containerPortal = AA1F3E491C8395B300393903 /* Lesson16DataManager.xcodeproj */;
			proxyType = 1;
			remoteGlobalIDString = AA1F3DF31C83812800393903;
			remoteInfo = Lesson16DataManager;
		};
/* End PBXContainerItemProxy section */

/* Begin PBXCopyFilesBuildPhase section */
		AA1F3DA31C837C7F00393903 /* Embed Frameworks */ = {
			isa = PBXCopyFilesBuildPhase;
			buildActionMask = 2147483647;
			dstPath = "";
			dstSubfolderSpec = 10;
			files = (
			);
			name = "Embed Frameworks";
			runOnlyForDeploymentPostprocessing = 0;
		};
/* End PBXCopyFilesBuildPhase section */

/* Begin PBXFileReference section */
		2376109A1C9D35370065F1C9 /* StringHelper.xcodeproj */ = {isa = PBXFileReference; lastKnownFileType = "wrapper.pb-project"; name = StringHelper.xcodeproj; path = StringHelper/StringHelper.xcodeproj; sourceTree = "<group>"; };
		23F8A7F51C8757DC00B6B562 /* ViewController.h */ = {isa = PBXFileReference; fileEncoding = 4; lastKnownFileType = sourcecode.c.h; path = ViewController.h; sourceTree = "<group>"; };
		23F8A7F61C8757DC00B6B562 /* ViewController.m */ = {isa = PBXFileReference; fileEncoding = 4; lastKnownFileType = sourcecode.c.objc; path = ViewController.m; sourceTree = "<group>"; };
		AA1F3D721C836A7D00393903 /* Lesson16.app */ = {isa = PBXFileReference; explicitFileType = wrapper.application; includeInIndex = 0; path = Lesson16.app; sourceTree = BUILT_PRODUCTS_DIR; };
		AA1F3D761C836A7D00393903 /* main.m */ = {isa = PBXFileReference; lastKnownFileType = sourcecode.c.objc; path = main.m; sourceTree = "<group>"; };
		AA1F3D781C836A7D00393903 /* AppDelegate.h */ = {isa = PBXFileReference; lastKnownFileType = sourcecode.c.h; path = AppDelegate.h; sourceTree = "<group>"; };
		AA1F3D791C836A7D00393903 /* AppDelegate.m */ = {isa = PBXFileReference; lastKnownFileType = sourcecode.c.objc; path = AppDelegate.m; sourceTree = "<group>"; };
		AA1F3D7B1C836A7D00393903 /* ItemsTableViewController.h */ = {isa = PBXFileReference; lastKnownFileType = sourcecode.c.h; path = ItemsTableViewController.h; sourceTree = "<group>"; };
		AA1F3D7C1C836A7D00393903 /* ItemsTableViewController.m */ = {isa = PBXFileReference; lastKnownFileType = sourcecode.c.objc; path = ItemsTableViewController.m; sourceTree = "<group>"; };
		AA1F3D7F1C836A7D00393903 /* Base */ = {isa = PBXFileReference; lastKnownFileType = file.storyboard; name = Base; path = Base.lproj/Main.storyboard; sourceTree = "<group>"; };
		AA1F3D811C836A7D00393903 /* Assets.xcassets */ = {isa = PBXFileReference; lastKnownFileType = folder.assetcatalog; path = Assets.xcassets; sourceTree = "<group>"; };
		AA1F3D841C836A7D00393903 /* Base */ = {isa = PBXFileReference; lastKnownFileType = file.storyboard; name = Base; path = Base.lproj/LaunchScreen.storyboard; sourceTree = "<group>"; };
		AA1F3D861C836A7D00393903 /* Info.plist */ = {isa = PBXFileReference; lastKnownFileType = text.plist.xml; path = Info.plist; sourceTree = "<group>"; };
		AA1F3E491C8395B300393903 /* Lesson16DataManager.xcodeproj */ = {isa = PBXFileReference; lastKnownFileType = "wrapper.pb-project"; name = Lesson16DataManager.xcodeproj; path = Lesson16DataManager/Lesson16DataManager.xcodeproj; sourceTree = "<group>"; };
/* End PBXFileReference section */

/* Begin PBXFrameworksBuildPhase section */
		AA1F3D6F1C836A7D00393903 /* Frameworks */ = {
			isa = PBXFrameworksBuildPhase;
			buildActionMask = 2147483647;
			files = (
				237610AB1C9D358D0065F1C9 /* StringHelper.framework in Frameworks */,
				AA1F3E551C83972400393903 /* Lesson16DataManager.framework in Frameworks */,
			);
			runOnlyForDeploymentPostprocessing = 0;
		};
/* End PBXFrameworksBuildPhase section */

/* Begin PBXGroup section */
		2376109B1C9D35370065F1C9 /* Products */ = {
			isa = PBXGroup;
			children = (
				237610A01C9D35370065F1C9 /* StringHelper.framework */,
				237610A21C9D35370065F1C9 /* StringHelperTests.xctest */,
			);
			name = Products;
			sourceTree = "<group>";
		};
		84E4E976104CAF561FA946E9 /* Frameworks */ = {
			isa = PBXGroup;
			children = (
				2376109A1C9D35370065F1C9 /* StringHelper.xcodeproj */,
				AA1F3E491C8395B300393903 /* Lesson16DataManager.xcodeproj */,
			);
			name = Frameworks;
			sourceTree = "<group>";
		};
		AA1F3D691C836A7D00393903 = {
			isa = PBXGroup;
			children = (
				AA1F3D741C836A7D00393903 /* Lesson16 */,
				AA1F3D731C836A7D00393903 /* Products */,
				84E4E976104CAF561FA946E9 /* Frameworks */,
			);
			sourceTree = "<group>";
		};
		AA1F3D731C836A7D00393903 /* Products */ = {
			isa = PBXGroup;
			children = (
				AA1F3D721C836A7D00393903 /* Lesson16.app */,
			);
			name = Products;
			sourceTree = "<group>";
		};
		AA1F3D741C836A7D00393903 /* Lesson16 */ = {
			isa = PBXGroup;
			children = (
				AA1F3D781C836A7D00393903 /* AppDelegate.h */,
				AA1F3D791C836A7D00393903 /* AppDelegate.m */,
				AA1F3D7B1C836A7D00393903 /* ItemsTableViewController.h */,
				AA1F3D7C1C836A7D00393903 /* ItemsTableViewController.m */,
				AA1F3D7E1C836A7D00393903 /* Main.storyboard */,
				AA1F3D811C836A7D00393903 /* Assets.xcassets */,
				AA1F3D831C836A7D00393903 /* LaunchScreen.storyboard */,
				AA1F3D861C836A7D00393903 /* Info.plist */,
				AA1F3D751C836A7D00393903 /* Supporting Files */,
				23F8A7F51C8757DC00B6B562 /* ViewController.h */,
				23F8A7F61C8757DC00B6B562 /* ViewController.m */,
			);
			path = Lesson16;
			sourceTree = "<group>";
		};
		AA1F3D751C836A7D00393903 /* Supporting Files */ = {
			isa = PBXGroup;
			children = (
				AA1F3D761C836A7D00393903 /* main.m */,
			);
			name = "Supporting Files";
			sourceTree = "<group>";
		};
		AA1F3E4A1C8395B300393903 /* Products */ = {
			isa = PBXGroup;
			children = (
				AA1F3E4F1C8395B300393903 /* Lesson16DataManager.framework */,
			);
			name = Products;
			sourceTree = "<group>";
		};
/* End PBXGroup section */

/* Begin PBXNativeTarget section */
		AA1F3D711C836A7D00393903 /* Lesson16 */ = {
			isa = PBXNativeTarget;
			buildConfigurationList = AA1F3D891C836A7D00393903 /* Build configuration list for PBXNativeTarget "Lesson16" */;
			buildPhases = (
				AA1F3D6E1C836A7D00393903 /* Sources */,
				AA1F3D6F1C836A7D00393903 /* Frameworks */,
				AA1F3D701C836A7D00393903 /* Resources */,
				AA1F3DA31C837C7F00393903 /* Embed Frameworks */,
			);
			buildRules = (
			);
			dependencies = (
				AA1F3E511C8395BE00393903 /* PBXTargetDependency */,
			);
			name = Lesson16;
			productName = Lesson16;
			productReference = AA1F3D721C836A7D00393903 /* Lesson16.app */;
			productType = "com.apple.product-type.application";
		};
/* End PBXNativeTarget section */

/* Begin PBXProject section */
		AA1F3D6A1C836A7D00393903 /* Project object */ = {
			isa = PBXProject;
			attributes = {
				LastUpgradeCheck = 0730;
				ORGANIZATIONNAME = "Azat Almeev";
				TargetAttributes = {
					AA1F3D711C836A7D00393903 = {
						CreatedOnToolsVersion = 7.3;
					};
				};
			};
			buildConfigurationList = AA1F3D6D1C836A7D00393903 /* Build configuration list for PBXProject "Lesson16" */;
			compatibilityVersion = "Xcode 3.2";
			developmentRegion = English;
			hasScannedForEncodings = 0;
			knownRegions = (
				en,
				Base,
			);
			mainGroup = AA1F3D691C836A7D00393903;
			productRefGroup = AA1F3D731C836A7D00393903 /* Products */;
			projectDirPath = "";
			projectReferences = (
				{
					ProductGroup = AA1F3E4A1C8395B300393903 /* Products */;
					ProjectRef = AA1F3E491C8395B300393903 /* Lesson16DataManager.xcodeproj */;
				},
				{
					ProductGroup = 2376109B1C9D35370065F1C9 /* Products */;
					ProjectRef = 2376109A1C9D35370065F1C9 /* StringHelper.xcodeproj */;
				},
			);
			projectRoot = "";
			targets = (
				AA1F3D711C836A7D00393903 /* Lesson16 */,
			);
		};
/* End PBXProject section */

/* Begin PBXReferenceProxy section */
		237610A01C9D35370065F1C9 /* StringHelper.framework */ = {
			isa = PBXReferenceProxy;
			fileType = wrapper.framework;
			path = StringHelper.framework;
			remoteRef = 2376109F1C9D35370065F1C9 /* PBXContainerItemProxy */;
			sourceTree = BUILT_PRODUCTS_DIR;
		};
		237610A21C9D35370065F1C9 /* StringHelperTests.xctest */ = {
			isa = PBXReferenceProxy;
			fileType = wrapper.cfbundle;
			path = StringHelperTests.xctest;
			remoteRef = 237610A11C9D35370065F1C9 /* PBXContainerItemProxy */;
			sourceTree = BUILT_PRODUCTS_DIR;
		};
		AA1F3E4F1C8395B300393903 /* Lesson16DataManager.framework */ = {
			isa = PBXReferenceProxy;
			fileType = wrapper.framework;
			path = Lesson16DataManager.framework;
			remoteRef = AA1F3E4E1C8395B300393903 /* PBXContainerItemProxy */;
			sourceTree = BUILT_PRODUCTS_DIR;
		};
/* End PBXReferenceProxy section */

/* Begin PBXResourcesBuildPhase section */
		AA1F3D701C836A7D00393903 /* Resources */ = {
			isa = PBXResourcesBuildPhase;
			buildActionMask = 2147483647;
			files = (
				AA1F3D851C836A7D00393903 /* LaunchScreen.storyboard in Resources */,
				AA1F3D821C836A7D00393903 /* Assets.xcassets in Resources */,
				AA1F3D801C836A7D00393903 /* Main.storyboard in Resources */,
			);
			runOnlyForDeploymentPostprocessing = 0;
		};
/* End PBXResourcesBuildPhase section */

/* Begin PBXSourcesBuildPhase section */
		AA1F3D6E1C836A7D00393903 /* Sources */ = {
			isa = PBXSourcesBuildPhase;
			buildActionMask = 2147483647;
			files = (
				23F8A7F71C8757DC00B6B562 /* ViewController.m in Sources */,
				AA1F3D7D1C836A7D00393903 /* ItemsTableViewController.m in Sources */,
				AA1F3D7A1C836A7D00393903 /* AppDelegate.m in Sources */,
				AA1F3D771C836A7D00393903 /* main.m in Sources */,
			);
			runOnlyForDeploymentPostprocessing = 0;
		};
/* End PBXSourcesBuildPhase section */

/* Begin PBXTargetDependency section */
		AA1F3E511C8395BE00393903 /* PBXTargetDependency */ = {
			isa = PBXTargetDependency;
			name = Lesson16DataManager;
			targetProxy = AA1F3E501C8395BE00393903 /* PBXContainerItemProxy */;
		};
/* End PBXTargetDependency section */

/* Begin PBXVariantGroup section */
		AA1F3D7E1C836A7D00393903 /* Main.storyboard */ = {
			isa = PBXVariantGroup;
			children = (
				AA1F3D7F1C836A7D00393903 /* Base */,
			);
			name = Main.storyboard;
			sourceTree = "<group>";
		};
		AA1F3D831C836A7D00393903 /* LaunchScreen.storyboard */ = {
			isa = PBXVariantGroup;
			children = (
				AA1F3D841C836A7D00393903 /* Base */,
			);
			name = LaunchScreen.storyboard;
			sourceTree = "<group>";
		};
/* End PBXVariantGroup section */

/* Begin XCBuildConfiguration section */
		AA1F3D871C836A7D00393903 /* Debug */ = {
			isa = XCBuildConfiguration;
			buildSettings = {
				ALWAYS_SEARCH_USER_PATHS = NO;
				CLANG_ANALYZER_NONNULL = YES;
				CLANG_CXX_LANGUAGE_STANDARD = "gnu++0x";
				CLANG_CXX_LIBRARY = "libc++";
				CLANG_ENABLE_MODULES = YES;
				CLANG_ENABLE_OBJC_ARC = YES;
				CLANG_WARN_BOOL_CONVERSION = YES;
				CLANG_WARN_CONSTANT_CONVERSION = YES;
				CLANG_WARN_DIRECT_OBJC_ISA_USAGE = YES_ERROR;
				CLANG_WARN_EMPTY_BODY = YES;
				CLANG_WARN_ENUM_CONVERSION = YES;
				CLANG_WARN_INT_CONVERSION = YES;
				CLANG_WARN_OBJC_ROOT_CLASS = YES_ERROR;
				CLANG_WARN_UNREACHABLE_CODE = YES;
				CLANG_WARN__DUPLICATE_METHOD_MATCH = YES;
				"CODE_SIGN_IDENTITY[sdk=iphoneos*]" = "iPhone Developer";
				COPY_PHASE_STRIP = NO;
				DEBUG_INFORMATION_FORMAT = dwarf;
				ENABLE_STRICT_OBJC_MSGSEND = YES;
				ENABLE_TESTABILITY = YES;
				GCC_C_LANGUAGE_STANDARD = gnu99;
				GCC_DYNAMIC_NO_PIC = NO;
				GCC_NO_COMMON_BLOCKS = YES;
				GCC_OPTIMIZATION_LEVEL = 0;
				GCC_PREPROCESSOR_DEFINITIONS = (
					"DEBUG=1",
					"$(inherited)",
				);
				GCC_WARN_64_TO_32_BIT_CONVERSION = YES;
				GCC_WARN_ABOUT_RETURN_TYPE = YES_ERROR;
				GCC_WARN_UNDECLARED_SELECTOR = YES;
				GCC_WARN_UNINITIALIZED_AUTOS = YES_AGGRESSIVE;
				GCC_WARN_UNUSED_FUNCTION = YES;
				GCC_WARN_UNUSED_VARIABLE = YES;
				IPHONEOS_DEPLOYMENT_TARGET = 9.3;
				MTL_ENABLE_DEBUG_INFO = YES;
				ONLY_ACTIVE_ARCH = YES;
				SDKROOT = iphoneos;
				TARGETED_DEVICE_FAMILY = "1,2";
			};
			name = Debug;
		};
		AA1F3D881C836A7D00393903 /* Release */ = {
			isa = XCBuildConfiguration;
			buildSettings = {
				ALWAYS_SEARCH_USER_PATHS = NO;
				CLANG_ANALYZER_NONNULL = YES;
				CLANG_CXX_LANGUAGE_STANDARD = "gnu++0x";
				CLANG_CXX_LIBRARY = "libc++";
				CLANG_ENABLE_MODULES = YES;
				CLANG_ENABLE_OBJC_ARC = YES;
				CLANG_WARN_BOOL_CONVERSION = YES;
				CLANG_WARN_CONSTANT_CONVERSION = YES;
				CLANG_WARN_DIRECT_OBJC_ISA_USAGE = YES_ERROR;
				CLANG_WARN_EMPTY_BODY = YES;
				CLANG_WARN_ENUM_CONVERSION = YES;
				CLANG_WARN_INT_CONVERSION = YES;
				CLANG_WARN_OBJC_ROOT_CLASS = YES_ERROR;
				CLANG_WARN_UNREACHABLE_CODE = YES;
				CLANG_WARN__DUPLICATE_METHOD_MATCH = YES;
				"CODE_SIGN_IDENTITY[sdk=iphoneos*]" = "iPhone Developer";
				COPY_PHASE_STRIP = NO;
				DEBUG_INFORMATION_FORMAT = "dwarf-with-dsym";
				ENABLE_NS_ASSERTIONS = NO;
				ENABLE_STRICT_OBJC_MSGSEND = YES;
				GCC_C_LANGUAGE_STANDARD = gnu99;
				GCC_NO_COMMON_BLOCKS = YES;
				GCC_WARN_64_TO_32_BIT_CONVERSION = YES;
				GCC_WARN_ABOUT_RETURN_TYPE = YES_ERROR;
				GCC_WARN_UNDECLARED_SELECTOR = YES;
				GCC_WARN_UNINITIALIZED_AUTOS = YES_AGGRESSIVE;
				GCC_WARN_UNUSED_FUNCTION = YES;
				GCC_WARN_UNUSED_VARIABLE = YES;
				IPHONEOS_DEPLOYMENT_TARGET = 9.3;
				MTL_ENABLE_DEBUG_INFO = NO;
				SDKROOT = iphoneos;
				TARGETED_DEVICE_FAMILY = "1,2";
				VALIDATE_PRODUCT = YES;
			};
			name = Release;
		};
		AA1F3D8A1C836A7D00393903 /* Debug */ = {
			isa = XCBuildConfiguration;
			buildSettings = {
				ASSETCATALOG_COMPILER_APPICON_NAME = AppIcon;
				FRAMEWORK_SEARCH_PATHS = (
					"$(inherited)",
					"$(PROJECT_DIR)",
				);
				HEADER_SEARCH_PATHS = "$(SRCROOT)/Lesson16DataManager.framework/Headers";
				INFOPLIST_FILE = Lesson16/Info.plist;
				IPHONEOS_DEPLOYMENT_TARGET = 8.0;
				LD_RUNPATH_SEARCH_PATHS = "$(inherited) @executable_path/Frameworks";
				PRODUCT_BUNDLE_IDENTIFIER = ru.azatalmeev.Lesson16;
				PRODUCT_NAME = "$(TARGET_NAME)";
			};
			name = Debug;
		};
		AA1F3D8B1C836A7D00393903 /* Release */ = {
			isa = XCBuildConfiguration;
			buildSettings = {
				ASSETCATALOG_COMPILER_APPICON_NAME = AppIcon;
				FRAMEWORK_SEARCH_PATHS = (
					"$(inherited)",
					"$(PROJECT_DIR)",
				);
				HEADER_SEARCH_PATHS = "$(SRCROOT)/Lesson16DataManager.framework/Headers";
				INFOPLIST_FILE = Lesson16/Info.plist;
				IPHONEOS_DEPLOYMENT_TARGET = 8.0;
				LD_RUNPATH_SEARCH_PATHS = "$(inherited) @executable_path/Frameworks";
				PRODUCT_BUNDLE_IDENTIFIER = ru.azatalmeev.Lesson16;
				PRODUCT_NAME = "$(TARGET_NAME)";
			};
			name = Release;
		};
/* End XCBuildConfiguration section */

/* Begin XCConfigurationList section */
		AA1F3D6D1C836A7D00393903 /* Build configuration list for PBXProject "Lesson16" */ = {
			isa = XCConfigurationList;
			buildConfigurations = (
				AA1F3D871C836A7D00393903 /* Debug */,
				AA1F3D881C836A7D00393903 /* Release */,
			);
			defaultConfigurationIsVisible = 0;
			defaultConfigurationName = Release;
		};
		AA1F3D891C836A7D00393903 /* Build configuration list for PBXNativeTarget "Lesson16" */ = {
			isa = XCConfigurationList;
			buildConfigurations = (
				AA1F3D8A1C836A7D00393903 /* Debug */,
				AA1F3D8B1C836A7D00393903 /* Release */,
			);
			defaultConfigurationIsVisible = 0;
			defaultConfigurationName = Release;
		};
/* End XCConfigurationList section */
	};
	rootObject = AA1F3D6A1C836A7D00393903 /* Project object */;
}
